Microsoft Visual Studio Solution File, Format Version 8.00
Project("{8BC9CEB8-8B4A-11D0-8D11-00A0C91BC942}") = "dlc", "dlc.vcproj", "{B1ED4CCD-992E-48E3-808A-64A33D8EC7F7}"
	ProjectSection(ProjectDependencies) = postProject
	EndProjectSection
EndProject
Global
	GlobalSection(SolutionConfiguration) = preSolution
		Debug = Debug
		Demo = Demo
		Release = Release
	EndGlobalSection
	GlobalSection(ProjectConfiguration) = postSolution
		{B1ED4CCD-992E-48E3-808A-64A33D8EC7F7}.Debug.ActiveCfg = Debug|Win32
		{B1ED4CCD-992E-48E3-808A-64A33D8EC7F7}.Debug.Build.0 = Debug|Win32
		{B1ED4CCD-992E-48E3-808A-64A33D8EC7F7}.Demo.ActiveCfg = Demo|Win32
		{B1ED4CCD-992E-48E3-808A-64A33D8EC7F7}.Demo.Build.0 = Demo|Win32
		{B1ED4CCD-992E-48E3-808A-64A33D8EC7F7}.Release.ActiveCfg = Release|Win32
		{B1ED4CCD-992E-48E3-808A-64A33D8EC7F7}.Release.Build.0 = Release|Win32
	EndGlobalSection
	GlobalSection(ExtensibilityGlobals) = postSolution
	EndGlobalSection
	GlobalSection(ExtensibilityAddIns) = postSolution
	EndGlobalSection
EndGlobal
